// !$*UTF8*$!
{
	archiveVersion = 1;
	classes = {
	};
	objectVersion = 51;
	objects = {

/* Begin PBXBuildFile section */
		7DF4A97226288C1900E1F5F3 /* AppDelegate.swift in Sources */ = {isa = PBXBuildFile; fileRef = 7DF4A97126288C1900E1F5F3 /* AppDelegate.swift */; };
		7DF4A97426288C1900E1F5F3 /* SceneDelegate.swift in Sources */ = {isa = PBXBuildFile; fileRef = 7DF4A97326288C1900E1F5F3 /* SceneDelegate.swift */; };
		7DF4A97626288C1900E1F5F3 /* HomeViewController.swift in Sources */ = {isa = PBXBuildFile; fileRef = 7DF4A97526288C1900E1F5F3 /* HomeViewController.swift */; };
		7DF4A97926288C1900E1F5F3 /* Main.storyboard in Resources */ = {isa = PBXBuildFile; fileRef = 7DF4A97726288C1900E1F5F3 /* Main.storyboard */; };
		7DF4A97B26288C1D00E1F5F3 /* Assets.xcassets in Resources */ = {isa = PBXBuildFile; fileRef = 7DF4A97A26288C1D00E1F5F3 /* Assets.xcassets */; };
		7DF4A97E26288C1D00E1F5F3 /* LaunchScreen.storyboard in Resources */ = {isa = PBXBuildFile; fileRef = 7DF4A97C26288C1D00E1F5F3 /* LaunchScreen.storyboard */; };
		7DF4A98F26288CF500E1F5F3 /* CurrentProduct.swift in Sources */ = {isa = PBXBuildFile; fileRef = 7DF4A98D26288CF500E1F5F3 /* CurrentProduct.swift */; };
		7DF4A99526288D1200E1F5F3 /* UIKit_Localize_Keys.swift in Sources */ = {isa = PBXBuildFile; fileRef = 7DF4A99126288D1100E1F5F3 /* UIKit_Localize_Keys.swift */; };
		7DF4A99C26288D2200E1F5F3 /* AlertMessage.swift in Sources */ = {isa = PBXBuildFile; fileRef = 7DF4A99A26288D2200E1F5F3 /* AlertMessage.swift */; };
		7DF4A99D26288D2200E1F5F3 /* PKHUDIndicator.swift in Sources */ = {isa = PBXBuildFile; fileRef = 7DF4A99B26288D2200E1F5F3 /* PKHUDIndicator.swift */; };
		7DF4A9B62628ADDC00E1F5F3 /* SkeltonTableViewCell.swift in Sources */ = {isa = PBXBuildFile; fileRef = 7DF4A9B42628ADDB00E1F5F3 /* SkeltonTableViewCell.swift */; };
		7DF4A9B72628ADDC00E1F5F3 /* kitchenTableViewCell.swift in Sources */ = {isa = PBXBuildFile; fileRef = 7DF4A9B52628ADDC00E1F5F3 /* kitchenTableViewCell.swift */; };
		7DF4A9C62628BAED00E1F5F3 /* ProductEvent.json in Resources */ = {isa = PBXBuildFile; fileRef = 7DF4A9C52628BAEC00E1F5F3 /* ProductEvent.json */; };
		7DFF15B226298C25002CCBFA /* HomeModelView.swift in Sources */ = {isa = PBXBuildFile; fileRef = 7DFF15B126298C25002CCBFA /* HomeModelView.swift */; };
		7DFF15B626299C34002CCBFA /* CartViewController.swift in Sources */ = {isa = PBXBuildFile; fileRef = 7DFF15B526299C34002CCBFA /* CartViewController.swift */; };
		7DFF15BA2629A7F2002CCBFA /* CartViewModel.swift in Sources */ = {isa = PBXBuildFile; fileRef = 7DFF15B92629A7F2002CCBFA /* CartViewModel.swift */; };
		C0722AD1FD419D124E860159 /* Pods_ExpertappsIosTest.framework in Frameworks */ = {isa = PBXBuildFile; fileRef = 5F016F7790A6119C195F1A81 /* Pods_ExpertappsIosTest.framework */; };
/* End PBXBuildFile section */

/* Begin PBXFileReference section */
		48ECBB995AC2AC0CB37B3312 /* Pods-ExpertappsIosTest.debug.xcconfig */ = {isa = PBXFileReference; includeInIndex = 1; lastKnownFileType = text.xcconfig; name = "Pods-ExpertappsIosTest.debug.xcconfig"; path = "Target Support Files/Pods-ExpertappsIosTest/Pods-ExpertappsIosTest.debug.xcconfig"; sourceTree = "<group>"; };
		5F016F7790A6119C195F1A81 /* Pods_ExpertappsIosTest.framework */ = {isa = PBXFileReference; explicitFileType = wrapper.framework; includeInIndex = 0; path = Pods_ExpertappsIosTest.framework; sourceTree = BUILT_PRODUCTS_DIR; };
		5FEE93ECDD7CBD3EE8E84983 /* Pods-ExpertappsIosTest.release.xcconfig */ = {isa = PBXFileReference; includeInIndex = 1; lastKnownFileType = text.xcconfig; name = "Pods-ExpertappsIosTest.release.xcconfig"; path = "Target Support Files/Pods-ExpertappsIosTest/Pods-ExpertappsIosTest.release.xcconfig"; sourceTree = "<group>"; };
		7DF4A96E26288C1900E1F5F3 /* ExpertappsIosTest.app */ = {isa = PBXFileReference; explicitFileType = wrapper.application; includeInIndex = 0; path = ExpertappsIosTest.app; sourceTree = BUILT_PRODUCTS_DIR; };
		7DF4A97126288C1900E1F5F3 /* AppDelegate.swift */ = {isa = PBXFileReference; lastKnownFileType = sourcecode.swift; path = AppDelegate.swift; sourceTree = "<group>"; };
		7DF4A97326288C1900E1F5F3 /* SceneDelegate.swift */ = {isa = PBXFileReference; lastKnownFileType = sourcecode.swift; path = SceneDelegate.swift; sourceTree = "<group>"; };
		7DF4A97526288C1900E1F5F3 /* HomeViewController.swift */ = {isa = PBXFileReference; lastKnownFileType = sourcecode.swift; path = HomeViewController.swift; sourceTree = "<group>"; };
		7DF4A97826288C1900E1F5F3 /* Base */ = {isa = PBXFileReference; lastKnownFileType = file.storyboard; name = Base; path = Base.lproj/Main.storyboard; sourceTree = "<group>"; };
		7DF4A97A26288C1D00E1F5F3 /* Assets.xcassets */ = {isa = PBXFileReference; lastKnownFileType = folder.assetcatalog; path = Assets.xcassets; sourceTree = "<group>"; };
		7DF4A97D26288C1D00E1F5F3 /* Base */ = {isa = PBXFileReference; lastKnownFileType = file.storyboard; name = Base; path = Base.lproj/LaunchScreen.storyboard; sourceTree = "<group>"; };
		7DF4A97F26288C1D00E1F5F3 /* Info.plist */ = {isa = PBXFileReference; lastKnownFileType = text.plist.xml; path = Info.plist; sourceTree = "<group>"; };
		7DF4A98D26288CF500E1F5F3 /* CurrentProduct.swift */ = {isa = PBXFileReference; fileEncoding = 4; lastKnownFileType = sourcecode.swift; path = CurrentProduct.swift; sourceTree = "<group>"; };
		7DF4A99126288D1100E1F5F3 /* UIKit_Localize_Keys.swift */ = {isa = PBXFileReference; fileEncoding = 4; lastKnownFileType = sourcecode.swift; path = UIKit_Localize_Keys.swift; sourceTree = "<group>"; };
		7DF4A99A26288D2200E1F5F3 /* AlertMessage.swift */ = {isa = PBXFileReference; fileEncoding = 4; lastKnownFileType = sourcecode.swift; path = AlertMessage.swift; sourceTree = "<group>"; };
		7DF4A99B26288D2200E1F5F3 /* PKHUDIndicator.swift */ = {isa = PBXFileReference; fileEncoding = 4; lastKnownFileType = sourcecode.swift; path = PKHUDIndicator.swift; sourceTree = "<group>"; };
		7DF4A9B42628ADDB00E1F5F3 /* SkeltonTableViewCell.swift */ = {isa = PBXFileReference; fileEncoding = 4; lastKnownFileType = sourcecode.swift; path = SkeltonTableViewCell.swift; sourceTree = "<group>"; };
		7DF4A9B52628ADDC00E1F5F3 /* kitchenTableViewCell.swift */ = {isa = PBXFileReference; fileEncoding = 4; lastKnownFileType = sourcecode.swift; path = kitchenTableViewCell.swift; sourceTree = "<group>"; };
		7DF4A9C52628BAEC00E1F5F3 /* ProductEvent.json */ = {isa = PBXFileReference; fileEncoding = 4; lastKnownFileType = text.json; path = ProductEvent.json; sourceTree = "<group>"; };
		7DFF15B126298C25002CCBFA /* HomeModelView.swift */ = {isa = PBXFileReference; lastKnownFileType = sourcecode.swift; path = HomeModelView.swift; sourceTree = "<group>"; };
		7DFF15B526299C34002CCBFA /* CartViewController.swift */ = {isa = PBXFileReference; lastKnownFileType = sourcecode.swift; path = CartViewController.swift; sourceTree = "<group>"; };
		7DFF15B92629A7F2002CCBFA /* CartViewModel.swift */ = {isa = PBXFileReference; lastKnownFileType = sourcecode.swift; path = CartViewModel.swift; sourceTree = "<group>"; };
/* End PBXFileReference section */

/* Begin PBXFrameworksBuildPhase section */
		7DF4A96B26288C1900E1F5F3 /* Frameworks */ = {
			isa = PBXFrameworksBuildPhase;
			buildActionMask = 2147483647;
			files = (
				C0722AD1FD419D124E860159 /* Pods_ExpertappsIosTest.framework in Frameworks */,
			);
			runOnlyForDeploymentPostprocessing = 0;
		};
/* End PBXFrameworksBuildPhase section */

/* Begin PBXGroup section */
		7DF4A96526288C1900E1F5F3 = {
			isa = PBXGroup;
			children = (
				7DF4A97026288C1900E1F5F3 /* ExpertappsIosTest */,
				7DF4A96F26288C1900E1F5F3 /* Products */,
				B9CD947D26E6CFF098E267A6 /* Pods */,
				F67CADACD7186EB2728973BE /* Frameworks */,
			);
			sourceTree = "<group>";
		};
		7DF4A96F26288C1900E1F5F3 /* Products */ = {
			isa = PBXGroup;
			children = (
				7DF4A96E26288C1900E1F5F3 /* ExpertappsIosTest.app */,
			);
			name = Products;
			sourceTree = "<group>";
		};
		7DF4A97026288C1900E1F5F3 /* ExpertappsIosTest */ = {
			isa = PBXGroup;
			children = (
				7DF4A98726288C6E00E1F5F3 /* Support file */,
				7DF4A98A26288C8800E1F5F3 /* Utils */,
				7DF4A98926288C8400E1F5F3 /* Stores */,
				7DF4A98826288C7E00E1F5F3 /* Scenes */,
			);
			path = ExpertappsIosTest;
			sourceTree = "<group>";
		};
		7DF4A98726288C6E00E1F5F3 /* Support file */ = {
			isa = PBXGroup;
			children = (
				7DF4A97126288C1900E1F5F3 /* AppDelegate.swift */,
				7DF4A97326288C1900E1F5F3 /* SceneDelegate.swift */,
				7DF4A97A26288C1D00E1F5F3 /* Assets.xcassets */,
				7DF4A97C26288C1D00E1F5F3 /* LaunchScreen.storyboard */,
				7DF4A97F26288C1D00E1F5F3 /* Info.plist */,
			);
			name = "Support file";
			sourceTree = "<group>";
		};
		7DF4A98826288C7E00E1F5F3 /* Scenes */ = {
			isa = PBXGroup;
			children = (
				7DFF15B82629A7DF002CCBFA /* Cart */,
				7DF4A97726288C1900E1F5F3 /* Main.storyboard */,
				7DFF15B026298C09002CCBFA /* Home */,
			);
			name = Scenes;
			sourceTree = "<group>";
		};
		7DF4A98926288C8400E1F5F3 /* Stores */ = {
			isa = PBXGroup;
			children = (
				7DF4A9C52628BAEC00E1F5F3 /* ProductEvent.json */,
				7DF4A98D26288CF500E1F5F3 /* CurrentProduct.swift */,
			);
			name = Stores;
			sourceTree = "<group>";
		};
		7DF4A98A26288C8800E1F5F3 /* Utils */ = {
			isa = PBXGroup;
			children = (
				7DF4A99A26288D2200E1F5F3 /* AlertMessage.swift */,
				7DF4A99B26288D2200E1F5F3 /* PKHUDIndicator.swift */,
				7DF4A99126288D1100E1F5F3 /* UIKit_Localize_Keys.swift */,
			);
			name = Utils;
			sourceTree = "<group>";
		};
		7DFF15AF26298BF6002CCBFA /* Home Cells */ = {
			isa = PBXGroup;
			children = (
				7DF4A9B52628ADDC00E1F5F3 /* kitchenTableViewCell.swift */,
				7DF4A9B42628ADDB00E1F5F3 /* SkeltonTableViewCell.swift */,
			);
			name = "Home Cells";
			sourceTree = "<group>";
		};
		7DFF15B026298C09002CCBFA /* Home */ = {
			isa = PBXGroup;
			children = (
				7DF4A97526288C1900E1F5F3 /* HomeViewController.swift */,
				7DFF15B126298C25002CCBFA /* HomeModelView.swift */,
				7DFF15AF26298BF6002CCBFA /* Home Cells */,
			);
			name = Home;
			sourceTree = "<group>";
		};
		7DFF15B82629A7DF002CCBFA /* Cart */ = {
			isa = PBXGroup;
			children = (
				7DFF15B526299C34002CCBFA /* CartViewController.swift */,
				7DFF15B92629A7F2002CCBFA /* CartViewModel.swift */,
			);
			name = Cart;
			sourceTree = "<group>";
		};
		B9CD947D26E6CFF098E267A6 /* Pods */ = {
			isa = PBXGroup;
			children = (
				48ECBB995AC2AC0CB37B3312 /* Pods-ExpertappsIosTest.debug.xcconfig */,
				5FEE93ECDD7CBD3EE8E84983 /* Pods-ExpertappsIosTest.release.xcconfig */,
			);
			path = Pods;
			sourceTree = "<group>";
		};
		F67CADACD7186EB2728973BE /* Frameworks */ = {
			isa = PBXGroup;
			children = (
				5F016F7790A6119C195F1A81 /* Pods_ExpertappsIosTest.framework */,
			);
			name = Frameworks;
			sourceTree = "<group>";
		};
/* End PBXGroup section */

/* Begin PBXNativeTarget section */
		7DF4A96D26288C1900E1F5F3 /* ExpertappsIosTest */ = {
			isa = PBXNativeTarget;
			buildConfigurationList = 7DF4A98226288C1D00E1F5F3 /* Build configuration list for PBXNativeTarget "ExpertappsIosTest" */;
			buildPhases = (
				F935822A7D8AEF96313D1830 /* [CP] Check Pods Manifest.lock */,
				7DF4A96A26288C1900E1F5F3 /* Sources */,
				7DF4A96B26288C1900E1F5F3 /* Frameworks */,
				7DF4A96C26288C1900E1F5F3 /* Resources */,
				9A32D2C553FE2C0A06D94B9A /* [CP] Embed Pods Frameworks */,
			);
			buildRules = (
			);
			dependencies = (
			);
			name = ExpertappsIosTest;
			productName = ExpertappsIosTest;
			productReference = 7DF4A96E26288C1900E1F5F3 /* ExpertappsIosTest.app */;
			productType = "com.apple.product-type.application";
		};
/* End PBXNativeTarget section */

/* Begin PBXProject section */
		7DF4A96626288C1900E1F5F3 /* Project object */ = {
			isa = PBXProject;
			attributes = {
				LastSwiftUpdateCheck = 1220;
				LastUpgradeCheck = 1220;
				TargetAttributes = {
					7DF4A96D26288C1900E1F5F3 = {
						CreatedOnToolsVersion = 12.2;
					};
				};
			};
			buildConfigurationList = 7DF4A96926288C1900E1F5F3 /* Build configuration list for PBXProject "ExpertappsIosTest" */;
			compatibilityVersion = "Xcode 9.3";
			developmentRegion = en;
			hasScannedForEncodings = 0;
			knownRegions = (
				en,
				Base,
			);
			mainGroup = 7DF4A96526288C1900E1F5F3;
			productRefGroup = 7DF4A96F26288C1900E1F5F3 /* Products */;
			projectDirPath = "";
			projectRoot = "";
			targets = (
				7DF4A96D26288C1900E1F5F3 /* ExpertappsIosTest */,
			);
		};
/* End PBXProject section */

/* Begin PBXResourcesBuildPhase section */
		7DF4A96C26288C1900E1F5F3 /* Resources */ = {
			isa = PBXResourcesBuildPhase;
			buildActionMask = 2147483647;
			files = (
				7DF4A9C62628BAED00E1F5F3 /* ProductEvent.json in Resources */,
				7DF4A97E26288C1D00E1F5F3 /* LaunchScreen.storyboard in Resources */,
				7DF4A97B26288C1D00E1F5F3 /* Assets.xcassets in Resources */,
				7DF4A97926288C1900E1F5F3 /* Main.storyboard in Resources */,
			);
			runOnlyForDeploymentPostprocessing = 0;
		};
/* End PBXResourcesBuildPhase section */

/* Begin PBXShellScriptBuildPhase section */
		9A32D2C553FE2C0A06D94B9A /* [CP] Embed Pods Frameworks */ = {
			isa = PBXShellScriptBuildPhase;
			buildActionMask = 2147483647;
			files = (
			);
			inputFileListPaths = (
				"${PODS_ROOT}/Target Support Files/Pods-ExpertappsIosTest/Pods-ExpertappsIosTest-frameworks-${CONFIGURATION}-input-files.xcfilelist",
			);
			name = "[CP] Embed Pods Frameworks";
			outputFileListPaths = (
				"${PODS_ROOT}/Target Support Files/Pods-ExpertappsIosTest/Pods-ExpertappsIosTest-frameworks-${CONFIGURATION}-output-files.xcfilelist",
			);
			runOnlyForDeploymentPostprocessing = 0;
			shellPath = /bin/sh;
			shellScript = "\"${PODS_ROOT}/Target Support Files/Pods-ExpertappsIosTest/Pods-ExpertappsIosTest-frameworks.sh\"\n";
			showEnvVarsInLog = 0;
		};
		F935822A7D8AEF96313D1830 /* [CP] Check Pods Manifest.lock */ = {
			isa = PBXShellScriptBuildPhase;
			buildActionMask = 2147483647;
			files = (
			);
			inputFileListPaths = (
			);
			inputPaths = (
				"${PODS_PODFILE_DIR_PATH}/Podfile.lock",
				"${PODS_ROOT}/Manifest.lock",
			);
			name = "[CP] Check Pods Manifest.lock";
			outputFileListPaths = (
			);
			outputPaths = (
				"$(DERIVED_FILE_DIR)/Pods-ExpertappsIosTest-checkManifestLockResult.txt",
			);
			runOnlyForDeploymentPostprocessing = 0;
			shellPath = /bin/sh;
			shellScript = "diff \"${PODS_PODFILE_DIR_PATH}/Podfile.lock\" \"${PODS_ROOT}/Manifest.lock\" > /dev/null\nif [ $? != 0 ] ; then\n    # print error to STDERR\n    echo \"error: The sandbox is not in sync with the Podfile.lock. Run 'pod install' or update your CocoaPods installation.\" >&2\n    exit 1\nfi\n# This output is used by Xcode 'outputs' to avoid re-running this script phase.\necho \"SUCCESS\" > \"${SCRIPT_OUTPUT_FILE_0}\"\n";
			showEnvVarsInLog = 0;
		};
/* End PBXShellScriptBuildPhase section */

/* Begin PBXSourcesBuildPhase section */
		7DF4A96A26288C1900E1F5F3 /* Sources */ = {
			isa = PBXSourcesBuildPhase;
			buildActionMask = 2147483647;
			files = (
				7DFF15BA2629A7F2002CCBFA /* CartViewModel.swift in Sources */,
				7DF4A98F26288CF500E1F5F3 /* CurrentProduct.swift in Sources */,
				7DF4A97626288C1900E1F5F3 /* HomeViewController.swift in Sources */,
				7DF4A9B62628ADDC00E1F5F3 /* SkeltonTableViewCell.swift in Sources */,
				7DF4A99526288D1200E1F5F3 /* UIKit_Localize_Keys.swift in Sources */,
				7DF4A9B72628ADDC00E1F5F3 /* kitchenTableViewCell.swift in Sources */,
				7DFF15B226298C25002CCBFA /* HomeModelView.swift in Sources */,
				7DF4A99D26288D2200E1F5F3 /* PKHUDIndicator.swift in Sources */,
				7DFF15B626299C34002CCBFA /* CartViewController.swift in Sources */,
				7DF4A99C26288D2200E1F5F3 /* AlertMessage.swift in Sources */,
				7DF4A97226288C1900E1F5F3 /* AppDelegate.swift in Sources */,
				7DF4A97426288C1900E1F5F3 /* SceneDelegate.swift in Sources */,
			);
			runOnlyForDeploymentPostprocessing = 0;
		};
/* End PBXSourcesBuildPhase section */

/* Begin PBXVariantGroup section */
		7DF4A97726288C1900E1F5F3 /* Main.storyboard */ = {
			isa = PBXVariantGroup;
			children = (
				7DF4A97826288C1900E1F5F3 /* Base */,
			);
			name = Main.storyboard;
			sourceTree = "<group>";
		};
		7DF4A97C26288C1D00E1F5F3 /* LaunchScreen.storyboard */ = {
			isa = PBXVariantGroup;
			children = (
				7DF4A97D26288C1D00E1F5F3 /* Base */,
			);
			name = LaunchScreen.storyboard;
			sourceTree = "<group>";
		};
/* End PBXVariantGroup section */

/* Begin XCBuildConfiguration section */
		7DF4A98026288C1D00E1F5F3 /* Debug */ = {
			isa = XCBuildConfiguration;
			buildSettings = {
				ALWAYS_SEARCH_USER_PATHS = NO;
				CLANG_ANALYZER_NONNULL = YES;
				CLANG_ANALYZER_NUMBER_OBJECT_CONVERSION = YES_AGGRESSIVE;
				CLANG_CXX_LANGUAGE_STANDARD = "gnu++14";
				CLANG_CXX_LIBRARY = "libc++";
				CLANG_ENABLE_MODULES = YES;
				CLANG_ENABLE_OBJC_ARC = YES;
				CLANG_ENABLE_OBJC_WEAK = YES;
				CLANG_WARN_BLOCK_CAPTURE_AUTORELEASING = YES;
				CLANG_WARN_BOOL_CONVERSION = YES;
				CLANG_WARN_COMMA = YES;
				CLANG_WARN_CONSTANT_CONVERSION = YES;
				CLANG_WARN_DEPRECATED_OBJC_IMPLEMENTATIONS = YES;
				CLANG_WARN_DIRECT_OBJC_ISA_USAGE = YES_ERROR;
				CLANG_WARN_DOCUMENTATION_COMMENTS = YES;
				CLANG_WARN_EMPTY_BODY = YES;
				CLANG_WARN_ENUM_CONVERSION = YES;
				CLANG_WARN_INFINITE_RECURSION = YES;
				CLANG_WARN_INT_CONVERSION = YES;
				CLANG_WARN_NON_LITERAL_NULL_CONVERSION = YES;
				CLANG_WARN_OBJC_IMPLICIT_RETAIN_SELF = YES;
				CLANG_WARN_OBJC_LITERAL_CONVERSION = YES;
				CLANG_WARN_OBJC_ROOT_CLASS = YES_ERROR;
				CLANG_WARN_QUOTED_INCLUDE_IN_FRAMEWORK_HEADER = YES;
				CLANG_WARN_RANGE_LOOP_ANALYSIS = YES;
				CLANG_WARN_STRICT_PROTOTYPES = YES;
				CLANG_WARN_SUSPICIOUS_MOVE = YES;
				CLANG_WARN_UNGUARDED_AVAILABILITY = YES_AGGRESSIVE;
				CLANG_WARN_UNREACHABLE_CODE = YES;
				CLANG_WARN__DUPLICATE_METHOD_MATCH = YES;
				COPY_PHASE_STRIP = NO;
				DEBUG_INFORMATION_FORMAT = dwarf;
				ENABLE_STRICT_OBJC_MSGSEND = YES;
				ENABLE_TESTABILITY = YES;
				GCC_C_LANGUAGE_STANDARD = gnu11;
				GCC_DYNAMIC_NO_PIC = NO;
				GCC_NO_COMMON_BLOCKS = YES;
				GCC_OPTIMIZATION_LEVEL = 0;
				GCC_PREPROCESSOR_DEFINITIONS = (
					"DEBUG=1",
					"$(inherited)",
				);
				GCC_WARN_64_TO_32_BIT_CONVERSION = YES;
				GCC_WARN_ABOUT_RETURN_TYPE = YES_ERROR;
				GCC_WARN_UNDECLARED_SELECTOR = YES;
				GCC_WARN_UNINITIALIZED_AUTOS = YES_AGGRESSIVE;
				GCC_WARN_UNUSED_FUNCTION = YES;
				GCC_WARN_UNUSED_VARIABLE = YES;
				IPHONEOS_DEPLOYMENT_TARGET = 14.2;
				MTL_ENABLE_DEBUG_INFO = INCLUDE_SOURCE;
				MTL_FAST_MATH = YES;
				ONLY_ACTIVE_ARCH = YES;
				SDKROOT = iphoneos;
				SWIFT_ACTIVE_COMPILATION_CONDITIONS = DEBUG;
				SWIFT_OPTIMIZATION_LEVEL = "-Onone";
			};
			name = Debug;
		};
		7DF4A98126288C1D00E1F5F3 /* Release */ = {
			isa = XCBuildConfiguration;
			buildSettings = {
				ALWAYS_SEARCH_USER_PATHS = NO;
				CLANG_ANALYZER_NONNULL = YES;
				CLANG_ANALYZER_NUMBER_OBJECT_CONVERSION = YES_AGGRESSIVE;
				CLANG_CXX_LANGUAGE_STANDARD = "gnu++14";
				CLANG_CXX_LIBRARY = "libc++";
				CLANG_ENABLE_MODULES = YES;
				CLANG_ENABLE_OBJC_ARC = YES;
				CLANG_ENABLE_OBJC_WEAK = YES;
				CLANG_WARN_BLOCK_CAPTURE_AUTORELEASING = YES;
				CLANG_WARN_BOOL_CONVERSION = YES;
				CLANG_WARN_COMMA = YES;
				CLANG_WARN_CONSTANT_CONVERSION = YES;
				CLANG_WARN_DEPRECATED_OBJC_IMPLEMENTATIONS = YES;
				CLANG_WARN_DIRECT_OBJC_ISA_USAGE = YES_ERROR;
				CLANG_WARN_DOCUMENTATION_COMMENTS = YES;
				CLANG_WARN_EMPTY_BODY = YES;
				CLANG_WARN_ENUM_CONVERSION = YES;
				CLANG_WARN_INFINITE_RECURSION = YES;
				CLANG_WARN_INT_CONVERSION = YES;
				CLANG_WARN_NON_LITERAL_NULL_CONVERSION = YES;
				CLANG_WARN_OBJC_IMPLICIT_RETAIN_SELF = YES;
				CLANG_WARN_OBJC_LITERAL_CONVERSION = YES;
				CLANG_WARN_OBJC_ROOT_CLASS = YES_ERROR;
				CLANG_WARN_QUOTED_INCLUDE_IN_FRAMEWORK_HEADER = YES;
				CLANG_WARN_RANGE_LOOP_ANALYSIS = YES;
				CLANG_WARN_STRICT_PROTOTYPES = YES;
				CLANG_WARN_SUSPICIOUS_MOVE = YES;
				CLANG_WARN_UNGUARDED_AVAILABILITY = YES_AGGRESSIVE;
				CLANG_WARN_UNREACHABLE_CODE = YES;
				CLANG_WARN__DUPLICATE_METHOD_MATCH = YES;
				COPY_PHASE_STRIP = NO;
				DEBUG_INFORMATION_FORMAT = "dwarf-with-dsym";
				ENABLE_NS_ASSERTIONS = NO;
				ENABLE_STRICT_OBJC_MSGSEND = YES;
				GCC_C_LANGUAGE_STANDARD = gnu11;
				GCC_NO_COMMON_BLOCKS = YES;
				GCC_WARN_64_TO_32_BIT_CONVERSION = YES;
				GCC_WARN_ABOUT_RETURN_TYPE = YES_ERROR;
				GCC_WARN_UNDECLARED_SELECTOR = YES;
				GCC_WARN_UNINITIALIZED_AUTOS = YES_AGGRESSIVE;
				GCC_WARN_UNUSED_FUNCTION = YES;
				GCC_WARN_UNUSED_VARIABLE = YES;
				IPHONEOS_DEPLOYMENT_TARGET = 14.2;
				MTL_ENABLE_DEBUG_INFO = NO;
				MTL_FAST_MATH = YES;
				SDKROOT = iphoneos;
				SWIFT_COMPILATION_MODE = wholemodule;
				SWIFT_OPTIMIZATION_LEVEL = "-O";
				VALIDATE_PRODUCT = YES;
			};
			name = Release;
		};
		7DF4A98326288C1D00E1F5F3 /* Debug */ = {
			isa = XCBuildConfiguration;
			baseConfigurationReference = 48ECBB995AC2AC0CB37B3312 /* Pods-ExpertappsIosTest.debug.xcconfig */;
			buildSettings = {
				ASSETCATALOG_COMPILER_APPICON_NAME = AppIcon;
				ASSETCATALOG_COMPILER_GLOBAL_ACCENT_COLOR_NAME = AccentColor;
				CODE_SIGN_STYLE = Automatic;
				DEVELOPMENT_TEAM = JNP78QVJKX;
				INFOPLIST_FILE = ExpertappsIosTest/Info.plist;
				IPHONEOS_DEPLOYMENT_TARGET = 12.4;
				LD_RUNPATH_SEARCH_PATHS = (
					"$(inherited)",
					"@executable_path/Frameworks",
				);
				PRODUCT_BUNDLE_IDENTIFIER = MH.ExpertappsIosTest;
				PRODUCT_NAME = "$(TARGET_NAME)";
				SWIFT_VERSION = 5.0;
				TARGETED_DEVICE_FAMILY = "1,2";
			};
			name = Debug;
		};
		7DF4A98426288C1D00E1F5F3 /* Release */ = {
			isa = XCBuildConfiguration;
			baseConfigurationReference = 5FEE93ECDD7CBD3EE8E84983 /* Pods-ExpertappsIosTest.release.xcconfig */;
			buildSettings = {
				ASSETCATALOG_COMPILER_APPICON_NAME = AppIcon;
				ASSETCATALOG_COMPILER_GLOBAL_ACCENT_COLOR_NAME = AccentColor;
				CODE_SIGN_STYLE = Automatic;
				DEVELOPMENT_TEAM = JNP78QVJKX;
				INFOPLIST_FILE = ExpertappsIosTest/Info.plist;
				IPHONEOS_DEPLOYMENT_TARGET = 12.4;
				LD_RUNPATH_SEARCH_PATHS = (
					"$(inherited)",
					"@executable_path/Frameworks",
				);
				PRODUCT_BUNDLE_IDENTIFIER = MH.ExpertappsIosTest;
				PRODUCT_NAME = "$(TARGET_NAME)";
				SWIFT_VERSION = 5.0;
				TARGETED_DEVICE_FAMILY = "1,2";
			};
			name = Release;
		};
/* End XCBuildConfiguration section */

/* Begin XCConfigurationList section */
		7DF4A96926288C1900E1F5F3 /* Build configuration list for PBXProject "ExpertappsIosTest" */ = {
			isa = XCConfigurationList;
			buildConfigurations = (
				7DF4A98026288C1D00E1F5F3 /* Debug */,
				7DF4A98126288C1D00E1F5F3 /* Release */,
			);
			defaultConfigurationIsVisible = 0;
			defaultConfigurationName = Release;
		};
		7DF4A98226288C1D00E1F5F3 /* Build configuration list for PBXNativeTarget "ExpertappsIosTest" */ = {
			isa = XCConfigurationList;
			buildConfigurations = (
				7DF4A98326288C1D00E1F5F3 /* Debug */,
				7DF4A98426288C1D00E1F5F3 /* Release */,
			);
			defaultConfigurationIsVisible = 0;
			defaultConfigurationName = Release;
		};
/* End XCConfigurationList section */
	};
	rootObject = 7DF4A96626288C1900E1F5F3 /* Project object */;
}
